
Microsoft Visual Studio Solution File, Format Version 12.00
# Visual Studio Version 17
VisualStudioVersion = 17.7.34009.444
MinimumVisualStudioVersion = 10.0.40219.1
Project("{9A19103F-16F7-4668-BE54-9A1E7A4F7556}") = "SyncPowershellTests", "SyncPowershellTests\SyncPowershellTests.csproj", "{8D9D4387-6C0B-4A7B-B243-077A61ED21DB}"
EndProject
Project("{9A19103F-16F7-4668-BE54-9A1E7A4F7556}") = "syncPowershellObjects", "syncPowershellObjects\syncPowershellObjects.csproj", "{BB9F8983-2295-4E91-93C6-5B2CDB94414C}"
EndProject
Project("{9A19103F-16F7-4668-BE54-9A1E7A4F7556}") = "syncPowershellInterfaces", "syncPowershellInterfaces\syncPowershellInterfaces.csproj", "{A5167396-3D90-4E84-AA17-6C16F9C153C0}"
EndProject
Project("{FAE04EC0-301F-11D3-BF4B-00C04F79EFBC}") = "syncPowershellWebAPI", "syncPowershellWebAPI\syncPowershellWebAPI.csproj", "{267B516D-FC0E-4BCE-B916-E382D8A967DC}"
EndProject
Global
	GlobalSection(SolutionConfigurationPlatforms) = preSolution
		Debug|Any CPU = Debug|Any CPU
		Release|Any CPU = Release|Any CPU
	EndGlobalSection
	GlobalSection(ProjectConfigurationPlatforms) = postSolution
		{8D9D4387-6C0B-4A7B-B243-077A61ED21DB}.Debug|Any CPU.ActiveCfg = Debug|Any CPU
		{8D9D4387-6C0B-4A7B-B243-077A61ED21DB}.Debug|Any CPU.Build.0 = Debug|Any CPU
		{8D9D4387-6C0B-4A7B-B243-077A61ED21DB}.Release|Any CPU.ActiveCfg = Release|Any CPU
		{8D9D4387-6C0B-4A7B-B243-077A61ED21DB}.Release|Any CPU.Build.0 = Release|Any CPU
		{BB9F8983-2295-4E91-93C6-5B2CDB94414C}.Debug|Any CPU.ActiveCfg = Debug|Any CPU
		{BB9F8983-2295-4E91-93C6-5B2CDB94414C}.Debug|Any CPU.Build.0 = Debug|Any CPU
		{BB9F8983-2295-4E91-93C6-5B2CDB94414C}.Release|Any CPU.ActiveCfg = Release|Any CPU
		{BB9F8983-2295-4E91-93C6-5B2CDB94414C}.Release|Any CPU.Build.0 = Release|Any CPU
		{A5167396-3D90-4E84-AA17-6C16F9C153C0}.Debug|Any CPU.ActiveCfg = Debug|Any CPU
		{A5167396-3D90-4E84-AA17-6C16F9C153C0}.Debug|Any CPU.Build.0 = Debug|Any CPU
		{A5167396-3D90-4E84-AA17-6C16F9C153C0}.Release|Any CPU.ActiveCfg = Release|Any CPU
		{A5167396-3D90-4E84-AA17-6C16F9C153C0}.Release|Any CPU.Build.0 = Release|Any CPU
		{267B516D-FC0E-4BCE-B916-E382D8A967DC}.Debug|Any CPU.ActiveCfg = Debug|Any CPU
		{267B516D-FC0E-4BCE-B916-E382D8A967DC}.Debug|Any CPU.Build.0 = Debug|Any CPU
		{267B516D-FC0E-4BCE-B916-E382D8A967DC}.Release|Any CPU.ActiveCfg = Release|Any CPU
		{267B516D-FC0E-4BCE-B916-E382D8A967DC}.Release|Any CPU.Build.0 = Release|Any CPU
	EndGlobalSection
	GlobalSection(SolutionProperties) = preSolution
		HideSolutionNode = FALSE
	EndGlobalSection
	GlobalSection(ExtensibilityGlobals) = postSolution
		SolutionGuid = {70CEA639-AAB0-47DE-9D11-F8DD00B2F09F}
	EndGlobalSection
EndGlobal
